
Microsoft Visual Studio Solution File, Format Version 12.00
# Visual Studio 15
VisualStudioVersion = 15.0.28307.645
MinimumVisualStudioVersion = 10.0.40219.1
Project("{FAE04EC0-301F-11D3-BF4B-00C04F79EFBC}") = "FacialAnalysisDemo", "FacialAnalysisDemo\FacialAnalysisDemo.csproj", "{793B2C1E-9C0A-43FD-B9F6-344C05FA7872}"
EndProject
Project("{FAE04EC0-301F-11D3-BF4B-00C04F79EFBC}") = "UnsafeContentLabels", "UnsafeContentLabels\UnsafeContentLabels.csproj", "{F1133ED6-240A-4A7B-99A0-2D044D6463B6}"
EndProject
Project("{FAE04EC0-301F-11D3-BF4B-00C04F79EFBC}") = "DetectImageText", "DetectImageText\DetectImageText.csproj", "{1DF88EDA-9D04-4105-AB67-1057DBC4F351}"
EndProject
Project("{FAE04EC0-301F-11D3-BF4B-00C04F79EFBC}") = "EnglishToVietNameseTranslator", "EnglishToVietNameseTranslator\EnglishToVietNameseTranslator.csproj", "{FBBA8B4F-A664-4143-AF2C-38FAB14B16AD}"
EndProject
Global
	GlobalSection(SolutionConfigurationPlatforms) = preSolution
		Debug|Any CPU = Debug|Any CPU
		Release|Any CPU = Release|Any CPU
	EndGlobalSection
	GlobalSection(ProjectConfigurationPlatforms) = postSolution
		{793B2C1E-9C0A-43FD-B9F6-344C05FA7872}.Debug|Any CPU.ActiveCfg = Debug|Any CPU
		{793B2C1E-9C0A-43FD-B9F6-344C05FA7872}.Debug|Any CPU.Build.0 = Debug|Any CPU
		{793B2C1E-9C0A-43FD-B9F6-344C05FA7872}.Release|Any CPU.ActiveCfg = Release|Any CPU
		{793B2C1E-9C0A-43FD-B9F6-344C05FA7872}.Release|Any CPU.Build.0 = Release|Any CPU
		{F1133ED6-240A-4A7B-99A0-2D044D6463B6}.Debug|Any CPU.ActiveCfg = Debug|Any CPU
		{F1133ED6-240A-4A7B-99A0-2D044D6463B6}.Debug|Any CPU.Build.0 = Debug|Any CPU
		{F1133ED6-240A-4A7B-99A0-2D044D6463B6}.Release|Any CPU.ActiveCfg = Release|Any CPU
		{F1133ED6-240A-4A7B-99A0-2D044D6463B6}.Release|Any CPU.Build.0 = Release|Any CPU
		{1DF88EDA-9D04-4105-AB67-1057DBC4F351}.Debug|Any CPU.ActiveCfg = Debug|Any CPU
		{1DF88EDA-9D04-4105-AB67-1057DBC4F351}.Debug|Any CPU.Build.0 = Debug|Any CPU
		{1DF88EDA-9D04-4105-AB67-1057DBC4F351}.Release|Any CPU.ActiveCfg = Release|Any CPU
		{1DF88EDA-9D04-4105-AB67-1057DBC4F351}.Release|Any CPU.Build.0 = Release|Any CPU
		{FBBA8B4F-A664-4143-AF2C-38FAB14B16AD}.Debug|Any CPU.ActiveCfg = Debug|Any CPU
		{FBBA8B4F-A664-4143-AF2C-38FAB14B16AD}.Debug|Any CPU.Build.0 = Debug|Any CPU
		{FBBA8B4F-A664-4143-AF2C-38FAB14B16AD}.Release|Any CPU.ActiveCfg = Release|Any CPU
		{FBBA8B4F-A664-4143-AF2C-38FAB14B16AD}.Release|Any CPU.Build.0 = Release|Any CPU
	EndGlobalSection
	GlobalSection(SolutionProperties) = preSolution
		HideSolutionNode = FALSE
	EndGlobalSection
	GlobalSection(ExtensibilityGlobals) = postSolution
		SolutionGuid = {183F0554-D836-490D-B210-B8EF90C489D2}
	EndGlobalSection
EndGlobal
